
Microsoft Visual Studio Solution File, Format Version 12.00
# Visual Studio Version 16
VisualStudioVersion = 16.0.29911.84
MinimumVisualStudioVersion = 10.0.40219.1
Project("{9A19103F-16F7-4668-BE54-9A1E7A4F7556}") = "Streetcred.Indy.Sdk.Storage", "Streetcred.Indy.Sdk.Storage\Streetcred.Indy.Sdk.Storage.csproj", "{D6CF9001-505E-4D84-B1BD-31B866B8CED0}"
EndProject
Project("{9A19103F-16F7-4668-BE54-9A1E7A4F7556}") = "Streetcred.Indy.Sdk.Storage.Tests", "Streetcred.Indy.Sdk.Storage.Tests\Streetcred.Indy.Sdk.Storage.Tests.csproj", "{848179B0-2607-4C60-89F9-52454CA02C8B}"
EndProject
Global
	GlobalSection(SolutionConfigurationPlatforms) = preSolution
		Debug|Any CPU = Debug|Any CPU
		Release|Any CPU = Release|Any CPU
	EndGlobalSection
	GlobalSection(ProjectConfigurationPlatforms) = postSolution
		{D6CF9001-505E-4D84-B1BD-31B866B8CED0}.Debug|Any CPU.ActiveCfg = Debug|Any CPU
		{D6CF9001-505E-4D84-B1BD-31B866B8CED0}.Debug|Any CPU.Build.0 = Debug|Any CPU
		{D6CF9001-505E-4D84-B1BD-31B866B8CED0}.Release|Any CPU.ActiveCfg = Release|Any CPU
		{D6CF9001-505E-4D84-B1BD-31B866B8CED0}.Release|Any CPU.Build.0 = Release|Any CPU
		{848179B0-2607-4C60-89F9-52454CA02C8B}.Debug|Any CPU.ActiveCfg = Debug|Any CPU
		{848179B0-2607-4C60-89F9-52454CA02C8B}.Debug|Any CPU.Build.0 = Debug|Any CPU
		{848179B0-2607-4C60-89F9-52454CA02C8B}.Release|Any CPU.ActiveCfg = Release|Any CPU
		{848179B0-2607-4C60-89F9-52454CA02C8B}.Release|Any CPU.Build.0 = Release|Any CPU
	EndGlobalSection
	GlobalSection(SolutionProperties) = preSolution
		HideSolutionNode = FALSE
	EndGlobalSection
	GlobalSection(ExtensibilityGlobals) = postSolution
		SolutionGuid = {818AB045-117C-4BAC-B9E6-79A08CBEBE69}
	EndGlobalSection
EndGlobal
